<Solution>
  <Folder Name="/spec/">
    <Project Path="../spec/csharp/Packet.Ax25.Sdl.csproj" />
  </Folder>
  <Folder Name="/src/">
    <Project Path="src/Packet.Sdl.CodeGen/Packet.Sdl.CodeGen.csproj" />
    <Project Path="src/Packet.Sdl.CodeGen.C/Packet.Sdl.CodeGen.C.csproj" />
    <Project Path="src/Packet.Sdl.CodeGen.Csharp/Packet.Sdl.CodeGen.Csharp.csproj" />
    <Project Path="src/Packet.Sdl.CodeGen.Go/Packet.Sdl.CodeGen.Go.csproj" />
    <Project Path="src/Packet.Sdl.CodeGen.Json/Packet.Sdl.CodeGen.Json.csproj" />
    <Project Path="src/Packet.Sdl.CodeGen.Python/Packet.Sdl.CodeGen.Python.csproj" />
    <Project Path="src/Packet.Sdl.CodeGen.Rust/Packet.Sdl.CodeGen.Rust.csproj" />
    <Project Path="src/Packet.Sdl.CodeGen.Ts/Packet.Sdl.CodeGen.Ts.csproj" />
    <Project Path="src/Packet.Sdl.IR/Packet.Sdl.IR.csproj" />
    <Project Path="src/Packet.Sdl.Interpreter/Packet.Sdl.Interpreter.csproj" />
    <Project Path="src/Packet.Sdl.Lint/Packet.Sdl.Lint.csproj" />
    <Project Path="src/Packet.Sdl.Transcribe/Packet.Sdl.Transcribe.csproj" />
  </Folder>
  <Folder Name="/tests/">
    <Project Path="tests/Packet.Sdl.CodeGen.Tests/Packet.Sdl.CodeGen.Tests.csproj" />
    <Project Path="tests/Packet.Sdl.Interpreter.Tests/Packet.Sdl.Interpreter.Tests.csproj" />
    <Project Path="../spec/csharp/tests/Packet.Ax25.Sdl.Conformance.Tests.csproj" />
  </Folder>
</Solution>
